// !$*UTF8*$!
{
	archiveVersion = 1;
	classes = {
	};
	objectVersion = 46;
	objects = {

/* Begin PBXBuildFile section */
		200698491D4201DC0000DDEF /* bastviewCroller.swift in Sources */ = {isa = PBXBuildFile; fileRef = 200698481D4201DC0000DDEF /* bastviewCroller.swift */; };
		200C0E7A1E039A100077309B /* succedViewController.swift in Sources */ = {isa = PBXBuildFile; fileRef = 200C0E791E039A100077309B /* succedViewController.swift */; };
		208470C51D40BC1D005926FF /* AppDelegate.swift in Sources */ = {isa = PBXBuildFile; fileRef = 208470C41D40BC1D005926FF /* AppDelegate.swift */; };
		208470C71D40BC1D005926FF /* ViewController.swift in Sources */ = {isa = PBXBuildFile; fileRef = 208470C61D40BC1D005926FF /* ViewController.swift */; };
		208470CA1D40BC1D005926FF /* Main.storyboard in Resources */ = {isa = PBXBuildFile; fileRef = 208470C81D40BC1D005926FF /* Main.storyboard */; };
		208470CC1D40BC1D005926FF /* Assets.xcassets in Resources */ = {isa = PBXBuildFile; fileRef = 208470CB1D40BC1D005926FF /* Assets.xcassets */; };
		208470CF1D40BC1D005926FF /* LaunchScreen.storyboard in Resources */ = {isa = PBXBuildFile; fileRef = 208470CD1D40BC1D005926FF /* LaunchScreen.storyboard */; };
		209CBA451E07BB0300D1D45F /* succedCollectionViewCell.swift in Sources */ = {isa = PBXBuildFile; fileRef = 209CBA431E07BB0300D1D45F /* succedCollectionViewCell.swift */; };
		209CBA461E07BB0300D1D45F /* succedCollectionViewCell.xib in Resources */ = {isa = PBXBuildFile; fileRef = 209CBA441E07BB0300D1D45F /* succedCollectionViewCell.xib */; };
		20B881111E134BEC00400238 /* ThirdViewController.swift in Sources */ = {isa = PBXBuildFile; fileRef = 20B881101E134BEC00400238 /* ThirdViewController.swift */; };
/* End PBXBuildFile section */

/* Begin PBXFileReference section */
		200698481D4201DC0000DDEF /* bastviewCroller.swift */ = {isa = PBXFileReference; fileEncoding = 4; lastKnownFileType = sourcecode.swift; path = bastviewCroller.swift; sourceTree = "<group>"; };
		200C0E791E039A100077309B /* succedViewController.swift */ = {isa = PBXFileReference; fileEncoding = 4; lastKnownFileType = sourcecode.swift; path = succedViewController.swift; sourceTree = "<group>"; };
		208470C11D40BC1D005926FF /* first_swift.app */ = {isa = PBXFileReference; explicitFileType = wrapper.application; includeInIndex = 0; path = first_swift.app; sourceTree = BUILT_PRODUCTS_DIR; };
		208470C41D40BC1D005926FF /* AppDelegate.swift */ = {isa = PBXFileReference; lastKnownFileType = sourcecode.swift; path = AppDelegate.swift; sourceTree = "<group>"; };
		208470C61D40BC1D005926FF /* ViewController.swift */ = {isa = PBXFileReference; lastKnownFileType = sourcecode.swift; path = ViewController.swift; sourceTree = "<group>"; };
		208470C91D40BC1D005926FF /* Base */ = {isa = PBXFileReference; lastKnownFileType = file.storyboard; name = Base; path = Base.lproj/Main.storyboard; sourceTree = "<group>"; };
		208470CB1D40BC1D005926FF /* Assets.xcassets */ = {isa = PBXFileReference; lastKnownFileType = folder.assetcatalog; path = Assets.xcassets; sourceTree = "<group>"; };
		208470CE1D40BC1D005926FF /* Base */ = {isa = PBXFileReference; lastKnownFileType = file.storyboard; name = Base; path = Base.lproj/LaunchScreen.storyboard; sourceTree = "<group>"; };
		208470D01D40BC1D005926FF /* Info.plist */ = {isa = PBXFileReference; lastKnownFileType = text.plist.xml; path = Info.plist; sourceTree = "<group>"; };
		208470D61D40CB14005926FF /* MyPlayground.playground */ = {isa = PBXFileReference; lastKnownFileType = file.playground; path = MyPlayground.playground; sourceTree = "<group>"; };
		209CBA431E07BB0300D1D45F /* succedCollectionViewCell.swift */ = {isa = PBXFileReference; fileEncoding = 4; lastKnownFileType = sourcecode.swift; path = succedCollectionViewCell.swift; sourceTree = "<group>"; };
		209CBA441E07BB0300D1D45F /* succedCollectionViewCell.xib */ = {isa = PBXFileReference; fileEncoding = 4; lastKnownFileType = file.xib; path = succedCollectionViewCell.xib; sourceTree = "<group>"; };
		20B881101E134BEC00400238 /* ThirdViewController.swift */ = {isa = PBXFileReference; fileEncoding = 4; lastKnownFileType = sourcecode.swift; path = ThirdViewController.swift; sourceTree = "<group>"; };
/* End PBXFileReference section */

/* Begin PBXFrameworksBuildPhase section */
		208470BE1D40BC1D005926FF /* Frameworks */ = {
			isa = PBXFrameworksBuildPhase;
			buildActionMask = 2147483647;
			files = (
			);
			runOnlyForDeploymentPostprocessing = 0;
		};
/* End PBXFrameworksBuildPhase section */

/* Begin PBXGroup section */
		208470B81D40BC1D005926FF = {
			isa = PBXGroup;
			children = (
				208470C31D40BC1D005926FF /* first_swift */,
				208470C21D40BC1D005926FF /* Products */,
			);
			sourceTree = "<group>";
		};
		208470C21D40BC1D005926FF /* Products */ = {
			isa = PBXGroup;
			children = (
				208470C11D40BC1D005926FF /* first_swift.app */,
			);
			name = Products;
			sourceTree = "<group>";
		};
		208470C31D40BC1D005926FF /* first_swift */ = {
			isa = PBXGroup;
			children = (
				208470C41D40BC1D005926FF /* AppDelegate.swift */,
				208470C61D40BC1D005926FF /* ViewController.swift */,
				200698481D4201DC0000DDEF /* bastviewCroller.swift */,
				200C0E791E039A100077309B /* succedViewController.swift */,
				209CBA431E07BB0300D1D45F /* succedCollectionViewCell.swift */,
				209CBA441E07BB0300D1D45F /* succedCollectionViewCell.xib */,
				20B881101E134BEC00400238 /* ThirdViewController.swift */,
				208470C81D40BC1D005926FF /* Main.storyboard */,
				208470CB1D40BC1D005926FF /* Assets.xcassets */,
				208470CD1D40BC1D005926FF /* LaunchScreen.storyboard */,
				208470D61D40CB14005926FF /* MyPlayground.playground */,
				208470D01D40BC1D005926FF /* Info.plist */,
			);
			path = first_swift;
			sourceTree = "<group>";
		};
/* End PBXGroup section */

/* Begin PBXNativeTarget section */
		208470C01D40BC1D005926FF /* first_swift */ = {
			isa = PBXNativeTarget;
			buildConfigurationList = 208470D31D40BC1D005926FF /* Build configuration list for PBXNativeTarget "first_swift" */;
			buildPhases = (
				208470BD1D40BC1D005926FF /* Sources */,
				208470BE1D40BC1D005926FF /* Frameworks */,
				208470BF1D40BC1D005926FF /* Resources */,
			);
			buildRules = (
			);
			dependencies = (
			);
			name = first_swift;
			productName = first_swift;
			productReference = 208470C11D40BC1D005926FF /* first_swift.app */;
			productType = "com.apple.product-type.application";
		};
/* End PBXNativeTarget section */

/* Begin PBXProject section */
		208470B91D40BC1D005926FF /* Project object */ = {
			isa = PBXProject;
			attributes = {
				LastSwiftUpdateCheck = 0730;
				LastUpgradeCheck = 0810;
				ORGANIZATIONNAME = kkqb;
				TargetAttributes = {
					208470C01D40BC1D005926FF = {
						CreatedOnToolsVersion = 7.3;
						LastSwiftMigration = 0810;
					};
				};
			};
			buildConfigurationList = 208470BC1D40BC1D005926FF /* Build configuration list for PBXProject "first_swift" */;
			compatibilityVersion = "Xcode 3.2";
			developmentRegion = English;
			hasScannedForEncodings = 0;
			knownRegions = (
				en,
				Base,
			);
			mainGroup = 208470B81D40BC1D005926FF;
			productRefGroup = 208470C21D40BC1D005926FF /* Products */;
			projectDirPath = "";
			projectRoot = "";
			targets = (
				208470C01D40BC1D005926FF /* first_swift */,
			);
		};
/* End PBXProject section */

/* Begin PBXResourcesBuildPhase section */
		208470BF1D40BC1D005926FF /* Resources */ = {
			isa = PBXResourcesBuildPhase;
			buildActionMask = 2147483647;
			files = (
				208470CF1D40BC1D005926FF /* LaunchScreen.storyboard in Resources */,
				208470CC1D40BC1D005926FF /* Assets.xcassets in Resources */,
				208470CA1D40BC1D005926FF /* Main.storyboard in Resources */,
				209CBA461E07BB0300D1D45F /* succedCollectionViewCell.xib in Resources */,
			);
			runOnlyForDeploymentPostprocessing = 0;
		};
/* End PBXResourcesBuildPhase section */

/* Begin PBXSourcesBuildPhase section */
		208470BD1D40BC1D005926FF /* Sources */ = {
			isa = PBXSourcesBuildPhase;
			buildActionMask = 2147483647;
			files = (
				208470C71D40BC1D005926FF /* ViewController.swift in Sources */,
				209CBA451E07BB0300D1D45F /* succedCollectionViewCell.swift in Sources */,
				208470C51D40BC1D005926FF /* AppDelegate.swift in Sources */,
				200698491D4201DC0000DDEF /* bastviewCroller.swift in Sources */,
				20B881111E134BEC00400238 /* ThirdViewController.swift in Sources */,
				200C0E7A1E039A100077309B /* succedViewController.swift in Sources */,
			);
			runOnlyForDeploymentPostprocessing = 0;
		};
/* End PBXSourcesBuildPhase section */

/* Begin PBXVariantGroup section */
		208470C81D40BC1D005926FF /* Main.storyboard */ = {
			isa = PBXVariantGroup;
			children = (
				208470C91D40BC1D005926FF /* Base */,
			);
			name = Main.storyboard;
			sourceTree = "<group>";
		};
		208470CD1D40BC1D005926FF /* LaunchScreen.storyboard */ = {
			isa = PBXVariantGroup;
			children = (
				208470CE1D40BC1D005926FF /* Base */,
			);
			name = LaunchScreen.storyboard;
			sourceTree = "<group>";
		};
/* End PBXVariantGroup section */

/* Begin XCBuildConfiguration section */
		208470D11D40BC1D005926FF /* Debug */ = {
			isa = XCBuildConfiguration;
			buildSettings = {
				ALWAYS_SEARCH_USER_PATHS = NO;
				CLANG_ANALYZER_NONNULL = YES;
				CLANG_CXX_LANGUAGE_STANDARD = "gnu++0x";
				CLANG_CXX_LIBRARY = "libc++";
				CLANG_ENABLE_MODULES = YES;
				CLANG_ENABLE_OBJC_ARC = YES;
				CLANG_WARN_BOOL_CONVERSION = YES;
				CLANG_WARN_CONSTANT_CONVERSION = YES;
				CLANG_WARN_DIRECT_OBJC_ISA_USAGE = YES_ERROR;
				CLANG_WARN_EMPTY_BODY = YES;
				CLANG_WARN_ENUM_CONVERSION = YES;
				CLANG_WARN_INFINITE_RECURSION = YES;
				CLANG_WARN_INT_CONVERSION = YES;
				CLANG_WARN_OBJC_ROOT_CLASS = YES_ERROR;
				CLANG_WARN_SUSPICIOUS_MOVE = YES;
				CLANG_WARN_UNREACHABLE_CODE = YES;
				CLANG_WARN__DUPLICATE_METHOD_MATCH = YES;
				"CODE_SIGN_IDENTITY[sdk=iphoneos*]" = "iPhone Developer";
				COPY_PHASE_STRIP = NO;
				DEBUG_INFORMATION_FORMAT = dwarf;
				ENABLE_STRICT_OBJC_MSGSEND = YES;
				ENABLE_TESTABILITY = YES;
				GCC_C_LANGUAGE_STANDARD = gnu99;
				GCC_DYNAMIC_NO_PIC = NO;
				GCC_NO_COMMON_BLOCKS = YES;
				GCC_OPTIMIZATION_LEVEL = 0;
				GCC_PREPROCESSOR_DEFINITIONS = (
					"DEBUG=1",
					"$(inherited)",
				);
				GCC_WARN_64_TO_32_BIT_CONVERSION = YES;
				GCC_WARN_ABOUT_RETURN_TYPE = YES_ERROR;
				GCC_WARN_UNDECLARED_SELECTOR = YES;
				GCC_WARN_UNINITIALIZED_AUTOS = YES_AGGRESSIVE;
				GCC_WARN_UNUSED_FUNCTION = YES;
				GCC_WARN_UNUSED_VARIABLE = YES;
				IPHONEOS_DEPLOYMENT_TARGET = 9.3;
				MTL_ENABLE_DEBUG_INFO = YES;
				ONLY_ACTIVE_ARCH = YES;
				SDKROOT = iphoneos;
				SWIFT_OPTIMIZATION_LEVEL = "-Onone";
				TARGETED_DEVICE_FAMILY = "1,2";
			};
			name = Debug;
		};
		208470D21D40BC1D005926FF /* Release */ = {
			isa = XCBuildConfiguration;
			buildSettings = {
				ALWAYS_SEARCH_USER_PATHS = NO;
				CLANG_ANALYZER_NONNULL = YES;
				CLANG_CXX_LANGUAGE_STANDARD = "gnu++0x";
				CLANG_CXX_LIBRARY = "libc++";
				CLANG_ENABLE_MODULES = YES;
				CLANG_ENABLE_OBJC_ARC = YES;
				CLANG_WARN_BOOL_CONVERSION = YES;
				CLANG_WARN_CONSTANT_CONVERSION = YES;
				CLANG_WARN_DIRECT_OBJC_ISA_USAGE = YES_ERROR;
				CLANG_WARN_EMPTY_BODY = YES;
				CLANG_WARN_ENUM_CONVERSION = YES;
				CLANG_WARN_INFINITE_RECURSION = YES;
				CLANG_WARN_INT_CONVERSION = YES;
				CLANG_WARN_OBJC_ROOT_CLASS = YES_ERROR;
				CLANG_WARN_SUSPICIOUS_MOVE = YES;
				CLANG_WARN_UNREACHABLE_CODE = YES;
				CLANG_WARN__DUPLICATE_METHOD_MATCH = YES;
				"CODE_SIGN_IDENTITY[sdk=iphoneos*]" = "iPhone Developer";
				COPY_PHASE_STRIP = NO;
				DEBUG_INFORMATION_FORMAT = "dwarf-with-dsym";
				ENABLE_NS_ASSERTIONS = NO;
				ENABLE_STRICT_OBJC_MSGSEND = YES;
				GCC_C_LANGUAGE_STANDARD = gnu99;
				GCC_NO_COMMON_BLOCKS = YES;
				GCC_WARN_64_TO_32_BIT_CONVERSION = YES;
				GCC_WARN_ABOUT_RETURN_TYPE = YES_ERROR;
				GCC_WARN_UNDECLARED_SELECTOR = YES;
				GCC_WARN_UNINITIALIZED_AUTOS = YES_AGGRESSIVE;
				GCC_WARN_UNUSED_FUNCTION = YES;
				GCC_WARN_UNUSED_VARIABLE = YES;
				IPHONEOS_DEPLOYMENT_TARGET = 9.3;
				MTL_ENABLE_DEBUG_INFO = NO;
				SDKROOT = iphoneos;
				SWIFT_OPTIMIZATION_LEVEL = "-Owholemodule";
				TARGETED_DEVICE_FAMILY = "1,2";
				VALIDATE_PRODUCT = YES;
			};
			name = Release;
		};
		208470D41D40BC1D005926FF /* Debug */ = {
			isa = XCBuildConfiguration;
			buildSettings = {
				ASSETCATALOG_COMPILER_APPICON_NAME = AppIcon;
				INFOPLIST_FILE = first_swift/Info.plist;
				LD_RUNPATH_SEARCH_PATHS = "$(inherited) @executable_path/Frameworks";
				PRODUCT_BUNDLE_IDENTIFIER = "kkqb.first-swift";
				PRODUCT_NAME = "$(TARGET_NAME)";
				SWIFT_VERSION = 3.0;
			};
			name = Debug;
		};
		208470D51D40BC1D005926FF /* Release */ = {
			isa = XCBuildConfiguration;
			buildSettings = {
				ASSETCATALOG_COMPILER_APPICON_NAME = AppIcon;
				INFOPLIST_FILE = first_swift/Info.plist;
				LD_RUNPATH_SEARCH_PATHS = "$(inherited) @executable_path/Frameworks";
				PRODUCT_BUNDLE_IDENTIFIER = "kkqb.first-swift";
				PRODUCT_NAME = "$(TARGET_NAME)";
				SWIFT_VERSION = 3.0;
			};
			name = Release;
		};
/* End XCBuildConfiguration section */

/* Begin XCConfigurationList section */
		208470BC1D40BC1D005926FF /* Build configuration list for PBXProject "first_swift" */ = {
			isa = XCConfigurationList;
			buildConfigurations = (
				208470D11D40BC1D005926FF /* Debug */,
				208470D21D40BC1D005926FF /* Release */,
			);
			defaultConfigurationIsVisible = 0;
			defaultConfigurationName = Release;
		};
		208470D31D40BC1D005926FF /* Build configuration list for PBXNativeTarget "first_swift" */ = {
			isa = XCConfigurationList;
			buildConfigurations = (
				208470D41D40BC1D005926FF /* Debug */,
				208470D51D40BC1D005926FF /* Release */,
			);
			defaultConfigurationIsVisible = 0;
			defaultConfigurationName = Release;
		};
/* End XCConfigurationList section */
	};
	rootObject = 208470B91D40BC1D005926FF /* Project object */;
}
